
Microsoft Visual Studio Solution File, Format Version 11.00
# Visual Studio 2010
Project("{FAE04EC0-301F-11D3-BF4B-00C04F79EFBC}") = "PNGEncryption", "PNGEncryption\PNGEncryption.csproj", "{6103D3B8-0884-46DE-90E4-2EBBB6A3C610}"
EndProject
Global
	GlobalSection(SolutionConfigurationPlatforms) = preSolution
		Debug|x86 = Debug|x86
		Release|x86 = Release|x86
	EndGlobalSection
	GlobalSection(ProjectConfigurationPlatforms) = postSolution
		{6103D3B8-0884-46DE-90E4-2EBBB6A3C610}.Debug|x86.ActiveCfg = Debug|x86
		{6103D3B8-0884-46DE-90E4-2EBBB6A3C610}.Debug|x86.Build.0 = Debug|x86
		{6103D3B8-0884-46DE-90E4-2EBBB6A3C610}.Release|x86.ActiveCfg = Release|x86
		{6103D3B8-0884-46DE-90E4-2EBBB6A3C610}.Release|x86.Build.0 = Release|x86
	EndGlobalSection
	GlobalSection(SolutionProperties) = preSolution
		HideSolutionNode = FALSE
	EndGlobalSection
EndGlobal
